// !$*UTF8*$!
{
	archiveVersion = 1;
	classes = {
	};
	objectVersion = 50;
	objects = {

/* Begin PBXBuildFile section */
		34563076D56CF94811C642E3 /* libPods-TimeShorthand.a in Frameworks */ = {isa = PBXBuildFile; fileRef = E9BB8888A0B538727A35A69E /* libPods-TimeShorthand.a */; };
		C51CA0A621D718210077524E /* TSViewController.m in Sources */ = {isa = PBXBuildFile; fileRef = C51CA0A521D718210077524E /* TSViewController.m */; };
		C51CA0A921D718560077524E /* TSHomeViewController.m in Sources */ = {isa = PBXBuildFile; fileRef = C51CA0A821D718560077524E /* TSHomeViewController.m */; };
		C51CA0AC21D718830077524E /* TSLeftViewController.m in Sources */ = {isa = PBXBuildFile; fileRef = C51CA0AB21D718830077524E /* TSLeftViewController.m */; };
		C51CA0AF21D719010077524E /* TSNavigationController.m in Sources */ = {isa = PBXBuildFile; fileRef = C51CA0AE21D719010077524E /* TSNavigationController.m */; };
		C51CA0B221D74E9F0077524E /* TSConst.m in Sources */ = {isa = PBXBuildFile; fileRef = C51CA0B121D74E9F0077524E /* TSConst.m */; };
		C51CA0B721D7506E0077524E /* TSTableViewController.m in Sources */ = {isa = PBXBuildFile; fileRef = C51CA0B621D7506E0077524E /* TSTableViewController.m */; };
		C51CA0B921D7507B0077524E /* TSTableViewController.xib in Resources */ = {isa = PBXBuildFile; fileRef = C51CA0B821D7507B0077524E /* TSTableViewController.xib */; };
		C51CA0BD21D751250077524E /* TSTableViewCell.m in Sources */ = {isa = PBXBuildFile; fileRef = C51CA0BC21D751250077524E /* TSTableViewCell.m */; };
		C51CA0D421D755320077524E /* UIColor+Hex.m in Sources */ = {isa = PBXBuildFile; fileRef = C51CA0C321D755310077524E /* UIColor+Hex.m */; };
		C51CA0D521D755320077524E /* NSDate+PFExtension.m in Sources */ = {isa = PBXBuildFile; fileRef = C51CA0C421D755310077524E /* NSDate+PFExtension.m */; };
		C51CA0D621D755320077524E /* NSMutableDictionary+Attributes.m in Sources */ = {isa = PBXBuildFile; fileRef = C51CA0C721D755310077524E /* NSMutableDictionary+Attributes.m */; };
		C51CA0D721D755320077524E /* NSMutableAttributedString+Chain.m in Sources */ = {isa = PBXBuildFile; fileRef = C51CA0C821D755310077524E /* NSMutableAttributedString+Chain.m */; };
		C51CA0D821D755320077524E /* NSDate+PFAdd.m in Sources */ = {isa = PBXBuildFile; fileRef = C51CA0CB21D755310077524E /* NSDate+PFAdd.m */; };
		C51CA0D921D755320077524E /* UIButton+ImageTitleSpacing.m in Sources */ = {isa = PBXBuildFile; fileRef = C51CA0CC21D755310077524E /* UIButton+ImageTitleSpacing.m */; };
		C51CA0DB21D755320077524E /* UIView+PFExtension.m in Sources */ = {isa = PBXBuildFile; fileRef = C51CA0CF21D755310077524E /* UIView+PFExtension.m */; };
		C51CA0DC21D755320077524E /* UIFont+PFExtension.m in Sources */ = {isa = PBXBuildFile; fileRef = C51CA0D021D755310077524E /* UIFont+PFExtension.m */; };
		C51CA0DD21D755320077524E /* NSString+PFExtension.m in Sources */ = {isa = PBXBuildFile; fileRef = C51CA0D321D755320077524E /* NSString+PFExtension.m */; };
		C5243C0D21D4E96C00E4A6EB /* AppDelegate.m in Sources */ = {isa = PBXBuildFile; fileRef = C5243C0C21D4E96C00E4A6EB /* AppDelegate.m */; };
		C5243C1521D4E96D00E4A6EB /* Assets.xcassets in Resources */ = {isa = PBXBuildFile; fileRef = C5243C1421D4E96D00E4A6EB /* Assets.xcassets */; };
		C5243C1B21D4E96D00E4A6EB /* main.m in Sources */ = {isa = PBXBuildFile; fileRef = C5243C1A21D4E96D00E4A6EB /* main.m */; };
		C5243C2521D4E96D00E4A6EB /* TimeShorthandTests.m in Sources */ = {isa = PBXBuildFile; fileRef = C5243C2421D4E96D00E4A6EB /* TimeShorthandTests.m */; };
		C5243C3021D4E96D00E4A6EB /* TimeShorthandUITests.m in Sources */ = {isa = PBXBuildFile; fileRef = C5243C2F21D4E96D00E4A6EB /* TimeShorthandUITests.m */; };
		C563F25A221EEFC800E17118 /* POPCGUtils.mm in Sources */ = {isa = PBXBuildFile; fileRef = C563F216221EEFC800E17118 /* POPCGUtils.mm */; };
		C563F25B221EEFC800E17118 /* pop-ios-Info.plist in Resources */ = {isa = PBXBuildFile; fileRef = C563F218221EEFC800E17118 /* pop-ios-Info.plist */; };
		C563F25C221EEFC800E17118 /* POPMath.mm in Sources */ = {isa = PBXBuildFile; fileRef = C563F21C221EEFC800E17118 /* POPMath.mm */; };
		C563F25D221EEFC800E17118 /* POPSpringAnimation.mm in Sources */ = {isa = PBXBuildFile; fileRef = C563F21F221EEFC800E17118 /* POPSpringAnimation.mm */; };
		C563F25E221EEFC800E17118 /* POPCustomAnimation.mm in Sources */ = {isa = PBXBuildFile; fileRef = C563F220221EEFC800E17118 /* POPCustomAnimation.mm */; };
		C563F25F221EEFC800E17118 /* POPAnimationTracer.mm in Sources */ = {isa = PBXBuildFile; fileRef = C563F223221EEFC800E17118 /* POPAnimationTracer.mm */; };
		C563F260221EEFC800E17118 /* POPAnimationExtras.mm in Sources */ = {isa = PBXBuildFile; fileRef = C563F225221EEFC800E17118 /* POPAnimationExtras.mm */; };
		C563F261221EEFC800E17118 /* pop-tvos-Info.plist in Resources */ = {isa = PBXBuildFile; fileRef = C563F226221EEFC800E17118 /* pop-tvos-Info.plist */; };
		C563F262221EEFC800E17118 /* POPDecayAnimation.mm in Sources */ = {isa = PBXBuildFile; fileRef = C563F228221EEFC800E17118 /* POPDecayAnimation.mm */; };
		C563F263221EEFC800E17118 /* pop-osx-Info.plist in Resources */ = {isa = PBXBuildFile; fileRef = C563F22A221EEFC800E17118 /* pop-osx-Info.plist */; };
		C563F264221EEFC800E17118 /* POPPropertyAnimation.mm in Sources */ = {isa = PBXBuildFile; fileRef = C563F231221EEFC800E17118 /* POPPropertyAnimation.mm */; };
		C563F265221EEFC800E17118 /* POPAnimation.mm in Sources */ = {isa = PBXBuildFile; fileRef = C563F233221EEFC800E17118 /* POPAnimation.mm */; };
		C563F266221EEFC800E17118 /* POPGeometry.mm in Sources */ = {isa = PBXBuildFile; fileRef = C563F234221EEFC800E17118 /* POPGeometry.mm */; };
		C563F267221EEFC800E17118 /* POPBasicAnimation.mm in Sources */ = {isa = PBXBuildFile; fileRef = C563F235221EEFC800E17118 /* POPBasicAnimation.mm */; };
		C563F268221EEFC800E17118 /* TransformationMatrix.cpp in Sources */ = {isa = PBXBuildFile; fileRef = C563F238221EEFC800E17118 /* TransformationMatrix.cpp */; };
		C563F269221EEFC800E17118 /* POPAnimator.mm in Sources */ = {isa = PBXBuildFile; fileRef = C563F23E221EEFC800E17118 /* POPAnimator.mm */; };
		C563F26A221EEFC800E17118 /* POPAnimatableProperty.mm in Sources */ = {isa = PBXBuildFile; fileRef = C563F23F221EEFC800E17118 /* POPAnimatableProperty.mm */; };
		C563F26B221EEFC800E17118 /* POPAnimationRuntime.mm in Sources */ = {isa = PBXBuildFile; fileRef = C563F242221EEFC800E17118 /* POPAnimationRuntime.mm */; };
		C563F26C221EEFC800E17118 /* POPAnimationEvent.mm in Sources */ = {isa = PBXBuildFile; fileRef = C563F243221EEFC800E17118 /* POPAnimationEvent.mm */; };
		C563F26D221EEFC800E17118 /* POPLayerExtras.mm in Sources */ = {isa = PBXBuildFile; fileRef = C563F244221EEFC800E17118 /* POPLayerExtras.mm */; };
		C563F26E221EEFC800E17118 /* POPVector.mm in Sources */ = {isa = PBXBuildFile; fileRef = C563F245221EEFC800E17118 /* POPVector.mm */; };
		C563F26F221EEFC800E17118 /* XLClock.m in Sources */ = {isa = PBXBuildFile; fileRef = C563F24B221EEFC800E17118 /* XLClock.m */; };
		C563F270221EEFC800E17118 /* XLClockHand.m in Sources */ = {isa = PBXBuildFile; fileRef = C563F24E221EEFC800E17118 /* XLClockHand.m */; };
		C563F271221EEFC800E17118 /* xl_clock_hourHand.png in Resources */ = {isa = PBXBuildFile; fileRef = C563F250221EEFC800E17118 /* xl_clock_hourHand.png */; };
		C563F272221EEFC800E17118 /* xl_clock_secondHand_shadow.png in Resources */ = {isa = PBXBuildFile; fileRef = C563F251221EEFC800E17118 /* xl_clock_secondHand_shadow.png */; };
		C563F273221EEFC800E17118 /* xl_clock_minuteHand_shadow.png in Resources */ = {isa = PBXBuildFile; fileRef = C563F252221EEFC800E17118 /* xl_clock_minuteHand_shadow.png */; };
		C563F274221EEFC800E17118 /* xl_clock_back.png in Resources */ = {isa = PBXBuildFile; fileRef = C563F253221EEFC800E17118 /* xl_clock_back.png */; };
		C563F275221EEFC800E17118 /* xl_clock_secondHand.png in Resources */ = {isa = PBXBuildFile; fileRef = C563F254221EEFC800E17118 /* xl_clock_secondHand.png */; };
		C563F276221EEFC800E17118 /* xl_clock_hourHand_shadow.png in Resources */ = {isa = PBXBuildFile; fileRef = C563F255221EEFC800E17118 /* xl_clock_hourHand_shadow.png */; };
		C563F277221EEFC800E17118 /* xl_clock_mid.png in Resources */ = {isa = PBXBuildFile; fileRef = C563F256221EEFC800E17118 /* xl_clock_mid.png */; };
		C563F278221EEFC800E17118 /* xl_clock_minuteHand.png in Resources */ = {isa = PBXBuildFile; fileRef = C563F257221EEFC800E17118 /* xl_clock_minuteHand.png */; };
		C563F283221EF75900E17118 /* xl_clock_hour_6.png in Resources */ = {isa = PBXBuildFile; fileRef = C563F27F221EF75800E17118 /* xl_clock_hour_6.png */; };
		C563F284221EF75900E17118 /* xl_clock_hour_9.png in Resources */ = {isa = PBXBuildFile; fileRef = C563F280221EF75800E17118 /* xl_clock_hour_9.png */; };
		C563F285221EF75900E17118 /* xl_clock_hour_12.png in Resources */ = {isa = PBXBuildFile; fileRef = C563F281221EF75800E17118 /* xl_clock_hour_12.png */; };
		C563F286221EF75900E17118 /* xl_clock_hour_3.png in Resources */ = {isa = PBXBuildFile; fileRef = C563F282221EF75900E17118 /* xl_clock_hour_3.png */; };
/* End PBXBuildFile section */

/* Begin PBXContainerItemProxy section */
		C5243C2121D4E96D00E4A6EB /* PBXContainerItemProxy */ = {
			isa = PBXContainerItemProxy;
			containerPortal = C5243C0021D4E96B00E4A6EB /* Project object */;
			proxyType = 1;
			remoteGlobalIDString = C5243C0721D4E96C00E4A6EB;
			remoteInfo = TimeShorthand;
		};
		C5243C2C21D4E96D00E4A6EB /* PBXContainerItemProxy */ = {
			isa = PBXContainerItemProxy;
			containerPortal = C5243C0021D4E96B00E4A6EB /* Project object */;
			proxyType = 1;
			remoteGlobalIDString = C5243C0721D4E96C00E4A6EB;
			remoteInfo = TimeShorthand;
		};
/* End PBXContainerItemProxy section */

/* Begin PBXFileReference section */
		C51CA0A421D718210077524E /* TSViewController.h */ = {isa = PBXFileReference; lastKnownFileType = sourcecode.c.h; path = TSViewController.h; sourceTree = "<group>"; };
		C51CA0A521D718210077524E /* TSViewController.m */ = {isa = PBXFileReference; lastKnownFileType = sourcecode.c.objc; path = TSViewController.m; sourceTree = "<group>"; };
		C51CA0A721D718560077524E /* TSHomeViewController.h */ = {isa = PBXFileReference; lastKnownFileType = sourcecode.c.h; path = TSHomeViewController.h; sourceTree = "<group>"; };
		C51CA0A821D718560077524E /* TSHomeViewController.m */ = {isa = PBXFileReference; lastKnownFileType = sourcecode.c.objc; path = TSHomeViewController.m; sourceTree = "<group>"; };
		C51CA0AA21D718830077524E /* TSLeftViewController.h */ = {isa = PBXFileReference; lastKnownFileType = sourcecode.c.h; path = TSLeftViewController.h; sourceTree = "<group>"; };
		C51CA0AB21D718830077524E /* TSLeftViewController.m */ = {isa = PBXFileReference; lastKnownFileType = sourcecode.c.objc; path = TSLeftViewController.m; sourceTree = "<group>"; };
		C51CA0AD21D719010077524E /* TSNavigationController.h */ = {isa = PBXFileReference; lastKnownFileType = sourcecode.c.h; path = TSNavigationController.h; sourceTree = "<group>"; };
		C51CA0AE21D719010077524E /* TSNavigationController.m */ = {isa = PBXFileReference; lastKnownFileType = sourcecode.c.objc; path = TSNavigationController.m; sourceTree = "<group>"; };
		C51CA0B021D74E9F0077524E /* TSConst.h */ = {isa = PBXFileReference; lastKnownFileType = sourcecode.c.h; path = TSConst.h; sourceTree = "<group>"; };
		C51CA0B121D74E9F0077524E /* TSConst.m */ = {isa = PBXFileReference; lastKnownFileType = sourcecode.c.objc; path = TSConst.m; sourceTree = "<group>"; };
		C51CA0B321D74EDB0077524E /* TimeShorthand.pch */ = {isa = PBXFileReference; lastKnownFileType = sourcecode.c.h; path = TimeShorthand.pch; sourceTree = "<group>"; };
		C51CA0B421D74F850077524E /* Macro.h */ = {isa = PBXFileReference; lastKnownFileType = sourcecode.c.h; path = Macro.h; sourceTree = "<group>"; };
		C51CA0B521D7506E0077524E /* TSTableViewController.h */ = {isa = PBXFileReference; lastKnownFileType = sourcecode.c.h; path = TSTableViewController.h; sourceTree = "<group>"; };
		C51CA0B621D7506E0077524E /* TSTableViewController.m */ = {isa = PBXFileReference; lastKnownFileType = sourcecode.c.objc; path = TSTableViewController.m; sourceTree = "<group>"; };
		C51CA0B821D7507B0077524E /* TSTableViewController.xib */ = {isa = PBXFileReference; lastKnownFileType = file.xib; path = TSTableViewController.xib; sourceTree = "<group>"; };
		C51CA0BB21D751250077524E /* TSTableViewCell.h */ = {isa = PBXFileReference; lastKnownFileType = sourcecode.c.h; path = TSTableViewCell.h; sourceTree = "<group>"; };
		C51CA0BC21D751250077524E /* TSTableViewCell.m */ = {isa = PBXFileReference; lastKnownFileType = sourcecode.c.objc; path = TSTableViewCell.m; sourceTree = "<group>"; };
		C51CA0C021D755310077524E /* UIButton+ImageTitleSpacing.h */ = {isa = PBXFileReference; fileEncoding = 4; lastKnownFileType = sourcecode.c.h; path = "UIButton+ImageTitleSpacing.h"; sourceTree = "<group>"; };
		C51CA0C121D755310077524E /* UIFont+PFExtension.h */ = {isa = PBXFileReference; fileEncoding = 4; lastKnownFileType = sourcecode.c.h; path = "UIFont+PFExtension.h"; sourceTree = "<group>"; };
		C51CA0C221D755310077524E /* UIView+PFExtension.h */ = {isa = PBXFileReference; fileEncoding = 4; lastKnownFileType = sourcecode.c.h; path = "UIView+PFExtension.h"; sourceTree = "<group>"; };
		C51CA0C321D755310077524E /* UIColor+Hex.m */ = {isa = PBXFileReference; fileEncoding = 4; lastKnownFileType = sourcecode.c.objc; path = "UIColor+Hex.m"; sourceTree = "<group>"; };
		C51CA0C421D755310077524E /* NSDate+PFExtension.m */ = {isa = PBXFileReference; fileEncoding = 4; lastKnownFileType = sourcecode.c.objc; path = "NSDate+PFExtension.m"; sourceTree = "<group>"; };
		C51CA0C521D755310077524E /* NSString+PFExtension.h */ = {isa = PBXFileReference; fileEncoding = 4; lastKnownFileType = sourcecode.c.h; path = "NSString+PFExtension.h"; sourceTree = "<group>"; };
		C51CA0C721D755310077524E /* NSMutableDictionary+Attributes.m */ = {isa = PBXFileReference; fileEncoding = 4; lastKnownFileType = sourcecode.c.objc; path = "NSMutableDictionary+Attributes.m"; sourceTree = "<group>"; };
		C51CA0C821D755310077524E /* NSMutableAttributedString+Chain.m */ = {isa = PBXFileReference; fileEncoding = 4; lastKnownFileType = sourcecode.c.objc; path = "NSMutableAttributedString+Chain.m"; sourceTree = "<group>"; };
		C51CA0C921D755310077524E /* NSMutableDictionary+Attributes.h */ = {isa = PBXFileReference; fileEncoding = 4; lastKnownFileType = sourcecode.c.h; path = "NSMutableDictionary+Attributes.h"; sourceTree = "<group>"; };
		C51CA0CA21D755310077524E /* NSMutableAttributedString+Chain.h */ = {isa = PBXFileReference; fileEncoding = 4; lastKnownFileType = sourcecode.c.h; path = "NSMutableAttributedString+Chain.h"; sourceTree = "<group>"; };
		C51CA0CB21D755310077524E /* NSDate+PFAdd.m */ = {isa = PBXFileReference; fileEncoding = 4; lastKnownFileType = sourcecode.c.objc; path = "NSDate+PFAdd.m"; sourceTree = "<group>"; };
		C51CA0CC21D755310077524E /* UIButton+ImageTitleSpacing.m */ = {isa = PBXFileReference; fileEncoding = 4; lastKnownFileType = sourcecode.c.objc; path = "UIButton+ImageTitleSpacing.m"; sourceTree = "<group>"; };
		C51CA0CE21D755310077524E /* UIColor+Hex.h */ = {isa = PBXFileReference; fileEncoding = 4; lastKnownFileType = sourcecode.c.h; path = "UIColor+Hex.h"; sourceTree = "<group>"; };
		C51CA0CF21D755310077524E /* UIView+PFExtension.m */ = {isa = PBXFileReference; fileEncoding = 4; lastKnownFileType = sourcecode.c.objc; path = "UIView+PFExtension.m"; sourceTree = "<group>"; };
		C51CA0D021D755310077524E /* UIFont+PFExtension.m */ = {isa = PBXFileReference; fileEncoding = 4; lastKnownFileType = sourcecode.c.objc; path = "UIFont+PFExtension.m"; sourceTree = "<group>"; };
		C51CA0D121D755310077524E /* NSDate+PFExtension.h */ = {isa = PBXFileReference; fileEncoding = 4; lastKnownFileType = sourcecode.c.h; path = "NSDate+PFExtension.h"; sourceTree = "<group>"; };
		C51CA0D221D755320077524E /* NSDate+PFAdd.h */ = {isa = PBXFileReference; fileEncoding = 4; lastKnownFileType = sourcecode.c.h; path = "NSDate+PFAdd.h"; sourceTree = "<group>"; };
		C51CA0D321D755320077524E /* NSString+PFExtension.m */ = {isa = PBXFileReference; fileEncoding = 4; lastKnownFileType = sourcecode.c.objc; path = "NSString+PFExtension.m"; sourceTree = "<group>"; };
		C5243C0821D4E96C00E4A6EB /* TimeShorthand.app */ = {isa = PBXFileReference; explicitFileType = wrapper.application; includeInIndex = 0; path = TimeShorthand.app; sourceTree = BUILT_PRODUCTS_DIR; };
		C5243C0B21D4E96C00E4A6EB /* AppDelegate.h */ = {isa = PBXFileReference; lastKnownFileType = sourcecode.c.h; path = AppDelegate.h; sourceTree = "<group>"; };
		C5243C0C21D4E96C00E4A6EB /* AppDelegate.m */ = {isa = PBXFileReference; lastKnownFileType = sourcecode.c.objc; path = AppDelegate.m; sourceTree = "<group>"; };
		C5243C1421D4E96D00E4A6EB /* Assets.xcassets */ = {isa = PBXFileReference; lastKnownFileType = folder.assetcatalog; path = Assets.xcassets; sourceTree = "<group>"; };
		C5243C1921D4E96D00E4A6EB /* Info.plist */ = {isa = PBXFileReference; lastKnownFileType = text.plist.xml; path = Info.plist; sourceTree = "<group>"; };
		C5243C1A21D4E96D00E4A6EB /* main.m */ = {isa = PBXFileReference; lastKnownFileType = sourcecode.c.objc; path = main.m; sourceTree = "<group>"; };
		C5243C2021D4E96D00E4A6EB /* TimeShorthandTests.xctest */ = {isa = PBXFileReference; explicitFileType = wrapper.cfbundle; includeInIndex = 0; path = TimeShorthandTests.xctest; sourceTree = BUILT_PRODUCTS_DIR; };
		C5243C2421D4E96D00E4A6EB /* TimeShorthandTests.m */ = {isa = PBXFileReference; lastKnownFileType = sourcecode.c.objc; path = TimeShorthandTests.m; sourceTree = "<group>"; };
		C5243C2621D4E96D00E4A6EB /* Info.plist */ = {isa = PBXFileReference; lastKnownFileType = text.plist.xml; path = Info.plist; sourceTree = "<group>"; };
		C5243C2B21D4E96D00E4A6EB /* TimeShorthandUITests.xctest */ = {isa = PBXFileReference; explicitFileType = wrapper.cfbundle; includeInIndex = 0; path = TimeShorthandUITests.xctest; sourceTree = BUILT_PRODUCTS_DIR; };
		C5243C2F21D4E96D00E4A6EB /* TimeShorthandUITests.m */ = {isa = PBXFileReference; lastKnownFileType = sourcecode.c.objc; path = TimeShorthandUITests.m; sourceTree = "<group>"; };
		C5243C3121D4E96D00E4A6EB /* Info.plist */ = {isa = PBXFileReference; lastKnownFileType = text.plist.xml; path = Info.plist; sourceTree = "<group>"; };
		C563F210221EEFC800E17118 /* POPMath.h */ = {isa = PBXFileReference; fileEncoding = 4; lastKnownFileType = sourcecode.c.h; path = POPMath.h; sourceTree = "<group>"; };
		C563F211221EEFC800E17118 /* POPDefines.h */ = {isa = PBXFileReference; fileEncoding = 4; lastKnownFileType = sourcecode.c.h; path = POPDefines.h; sourceTree = "<group>"; };
		C563F212221EEFC800E17118 /* POPAnimationInternal.h */ = {isa = PBXFileReference; fileEncoding = 4; lastKnownFileType = sourcecode.c.h; path = POPAnimationInternal.h; sourceTree = "<group>"; };
		C563F213221EEFC800E17118 /* POPAnimationExtras.h */ = {isa = PBXFileReference; fileEncoding = 4; lastKnownFileType = sourcecode.c.h; path = POPAnimationExtras.h; sourceTree = "<group>"; };
		C563F214221EEFC800E17118 /* POPAnimationEvent.h */ = {isa = PBXFileReference; fileEncoding = 4; lastKnownFileType = sourcecode.c.h; path = POPAnimationEvent.h; sourceTree = "<group>"; };
		C563F215221EEFC800E17118 /* POPBasicAnimationInternal.h */ = {isa = PBXFileReference; fileEncoding = 4; lastKnownFileType = sourcecode.c.h; path = POPBasicAnimationInternal.h; sourceTree = "<group>"; };
		C563F216221EEFC800E17118 /* POPCGUtils.mm */ = {isa = PBXFileReference; fileEncoding = 4; lastKnownFileType = sourcecode.cpp.objcpp; path = POPCGUtils.mm; sourceTree = "<group>"; };
		C563F217221EEFC800E17118 /* POPPropertyAnimationInternal.h */ = {isa = PBXFileReference; fileEncoding = 4; lastKnownFileType = sourcecode.c.h; path = POPPropertyAnimationInternal.h; sourceTree = "<group>"; };
		C563F218221EEFC800E17118 /* pop-ios-Info.plist */ = {isa = PBXFileReference; fileEncoding = 4; lastKnownFileType = text.plist.xml; path = "pop-ios-Info.plist"; sourceTree = "<group>"; };
		C563F219221EEFC800E17118 /* POPDecayAnimationInternal.h */ = {isa = PBXFileReference; fileEncoding = 4; lastKnownFileType = sourcecode.c.h; path = POPDecayAnimationInternal.h; sourceTree = "<group>"; };
		C563F21A221EEFC800E17118 /* POPSpringAnimation.h */ = {isa = PBXFileReference; fileEncoding = 4; lastKnownFileType = sourcecode.c.h; path = POPSpringAnimation.h; sourceTree = "<group>"; };
		C563F21B221EEFC800E17118 /* POPBasicAnimation.h */ = {isa = PBXFileReference; fileEncoding = 4; lastKnownFileType = sourcecode.c.h; path = POPBasicAnimation.h; sourceTree = "<group>"; };
		C563F21C221EEFC800E17118 /* POPMath.mm */ = {isa = PBXFileReference; fileEncoding = 4; lastKnownFileType = sourcecode.cpp.objcpp; path = POPMath.mm; sourceTree = "<group>"; };
		C563F21D221EEFC800E17118 /* POPAnimationPrivate.h */ = {isa = PBXFileReference; fileEncoding = 4; lastKnownFileType = sourcecode.c.h; path = POPAnimationPrivate.h; sourceTree = "<group>"; };
		C563F21E221EEFC800E17118 /* POPAction.h */ = {isa = PBXFileReference; fileEncoding = 4; lastKnownFileType = sourcecode.c.h; path = POPAction.h; sourceTree = "<group>"; };
		C563F21F221EEFC800E17118 /* POPSpringAnimation.mm */ = {isa = PBXFileReference; fileEncoding = 4; lastKnownFileType = sourcecode.cpp.objcpp; path = POPSpringAnimation.mm; sourceTree = "<group>"; };
		C563F220221EEFC800E17118 /* POPCustomAnimation.mm */ = {isa = PBXFileReference; fileEncoding = 4; lastKnownFileType = sourcecode.cpp.objcpp; path = POPCustomAnimation.mm; sourceTree = "<group>"; };
		C563F221221EEFC800E17118 /* POPCustomAnimation.h */ = {isa = PBXFileReference; fileEncoding = 4; lastKnownFileType = sourcecode.c.h; path = POPCustomAnimation.h; sourceTree = "<group>"; };
		C563F222221EEFC800E17118 /* POPPropertyAnimation.h */ = {isa = PBXFileReference; fileEncoding = 4; lastKnownFileType = sourcecode.c.h; path = POPPropertyAnimation.h; sourceTree = "<group>"; };
		C563F223221EEFC800E17118 /* POPAnimationTracer.mm */ = {isa = PBXFileReference; fileEncoding = 4; lastKnownFileType = sourcecode.cpp.objcpp; path = POPAnimationTracer.mm; sourceTree = "<group>"; };
		C563F224221EEFC800E17118 /* POPCGUtils.h */ = {isa = PBXFileReference; fileEncoding = 4; lastKnownFileType = sourcecode.c.h; path = POPCGUtils.h; sourceTree = "<group>"; };
		C563F225221EEFC800E17118 /* POPAnimationExtras.mm */ = {isa = PBXFileReference; fileEncoding = 4; lastKnownFileType = sourcecode.cpp.objcpp; path = POPAnimationExtras.mm; sourceTree = "<group>"; };
		C563F226221EEFC800E17118 /* pop-tvos-Info.plist */ = {isa = PBXFileReference; fileEncoding = 4; lastKnownFileType = text.plist.xml; path = "pop-tvos-Info.plist"; sourceTree = "<group>"; };
		C563F227221EEFC800E17118 /* POPGeometry.h */ = {isa = PBXFileReference; fileEncoding = 4; lastKnownFileType = sourcecode.c.h; path = POPGeometry.h; sourceTree = "<group>"; };
		C563F228221EEFC800E17118 /* POPDecayAnimation.mm */ = {isa = PBXFileReference; fileEncoding = 4; lastKnownFileType = sourcecode.cpp.objcpp; path = POPDecayAnimation.mm; sourceTree = "<group>"; };
		C563F229221EEFC800E17118 /* POPSpringAnimationInternal.h */ = {isa = PBXFileReference; fileEncoding = 4; lastKnownFileType = sourcecode.c.h; path = POPSpringAnimationInternal.h; sourceTree = "<group>"; };
		C563F22A221EEFC800E17118 /* pop-osx-Info.plist */ = {isa = PBXFileReference; fileEncoding = 4; lastKnownFileType = text.plist.xml; path = "pop-osx-Info.plist"; sourceTree = "<group>"; };
		C563F22B221EEFC800E17118 /* POPDecayAnimation.h */ = {isa = PBXFileReference; fileEncoding = 4; lastKnownFileType = sourcecode.c.h; path = POPDecayAnimation.h; sourceTree = "<group>"; };
		C563F22C221EEFC800E17118 /* POPSpringSolver.h */ = {isa = PBXFileReference; fileEncoding = 4; lastKnownFileType = sourcecode.c.h; path = POPSpringSolver.h; sourceTree = "<group>"; };
		C563F22D221EEFC800E17118 /* POPAnimatableProperty.h */ = {isa = PBXFileReference; fileEncoding = 4; lastKnownFileType = sourcecode.c.h; path = POPAnimatableProperty.h; sourceTree = "<group>"; };
		C563F22E221EEFC800E17118 /* POPAnimator.h */ = {isa = PBXFileReference; fileEncoding = 4; lastKnownFileType = sourcecode.c.h; path = POPAnimator.h; sourceTree = "<group>"; };
		C563F22F221EEFC800E17118 /* POPAnimationRuntime.h */ = {isa = PBXFileReference; fileEncoding = 4; lastKnownFileType = sourcecode.c.h; path = POPAnimationRuntime.h; sourceTree = "<group>"; };
		C563F230221EEFC800E17118 /* POP.h */ = {isa = PBXFileReference; fileEncoding = 4; lastKnownFileType = sourcecode.c.h; path = POP.h; sourceTree = "<group>"; };
		C563F231221EEFC800E17118 /* POPPropertyAnimation.mm */ = {isa = PBXFileReference; fileEncoding = 4; lastKnownFileType = sourcecode.cpp.objcpp; path = POPPropertyAnimation.mm; sourceTree = "<group>"; };
		C563F232221EEFC800E17118 /* POPLayerExtras.h */ = {isa = PBXFileReference; fileEncoding = 4; lastKnownFileType = sourcecode.c.h; path = POPLayerExtras.h; sourceTree = "<group>"; };
		C563F233221EEFC800E17118 /* POPAnimation.mm */ = {isa = PBXFileReference; fileEncoding = 4; lastKnownFileType = sourcecode.cpp.objcpp; path = POPAnimation.mm; sourceTree = "<group>"; };
		C563F234221EEFC800E17118 /* POPGeometry.mm */ = {isa = PBXFileReference; fileEncoding = 4; lastKnownFileType = sourcecode.cpp.objcpp; path = POPGeometry.mm; sourceTree = "<group>"; };
		C563F235221EEFC800E17118 /* POPBasicAnimation.mm */ = {isa = PBXFileReference; fileEncoding = 4; lastKnownFileType = sourcecode.cpp.objcpp; path = POPBasicAnimation.mm; sourceTree = "<group>"; };
		C563F236221EEFC800E17118 /* POPAnimatablePropertyTypes.h */ = {isa = PBXFileReference; fileEncoding = 4; lastKnownFileType = sourcecode.c.h; path = POPAnimatablePropertyTypes.h; sourceTree = "<group>"; };
		C563F238221EEFC800E17118 /* TransformationMatrix.cpp */ = {isa = PBXFileReference; fileEncoding = 4; lastKnownFileType = sourcecode.cpp.cpp; path = TransformationMatrix.cpp; sourceTree = "<group>"; };
		C563F239221EEFC800E17118 /* TransformationMatrix.h */ = {isa = PBXFileReference; fileEncoding = 4; lastKnownFileType = sourcecode.c.h; path = TransformationMatrix.h; sourceTree = "<group>"; };
		C563F23A221EEFC800E17118 /* FloatConversion.h */ = {isa = PBXFileReference; fileEncoding = 4; lastKnownFileType = sourcecode.c.h; path = FloatConversion.h; sourceTree = "<group>"; };
		C563F23B221EEFC800E17118 /* UnitBezier.h */ = {isa = PBXFileReference; fileEncoding = 4; lastKnownFileType = sourcecode.c.h; path = UnitBezier.h; sourceTree = "<group>"; };
		C563F23C221EEFC800E17118 /* POPAnimationTracerInternal.h */ = {isa = PBXFileReference; fileEncoding = 4; lastKnownFileType = sourcecode.c.h; path = POPAnimationTracerInternal.h; sourceTree = "<group>"; };
		C563F23D221EEFC800E17118 /* POPAnimationEventInternal.h */ = {isa = PBXFileReference; fileEncoding = 4; lastKnownFileType = sourcecode.c.h; path = POPAnimationEventInternal.h; sourceTree = "<group>"; };
		C563F23E221EEFC800E17118 /* POPAnimator.mm */ = {isa = PBXFileReference; fileEncoding = 4; lastKnownFileType = sourcecode.cpp.objcpp; path = POPAnimator.mm; sourceTree = "<group>"; };
		C563F23F221EEFC800E17118 /* POPAnimatableProperty.mm */ = {isa = PBXFileReference; fileEncoding = 4; lastKnownFileType = sourcecode.cpp.objcpp; path = POPAnimatableProperty.mm; sourceTree = "<group>"; };
		C563F240221EEFC800E17118 /* POPAnimation.h */ = {isa = PBXFileReference; fileEncoding = 4; lastKnownFileType = sourcecode.c.h; path = POPAnimation.h; sourceTree = "<group>"; };
		C563F241221EEFC800E17118 /* module.modulemap */ = {isa = PBXFileReference; fileEncoding = 4; lastKnownFileType = "sourcecode.module-map"; path = module.modulemap; sourceTree = "<group>"; };
		C563F242221EEFC800E17118 /* POPAnimationRuntime.mm */ = {isa = PBXFileReference; fileEncoding = 4; lastKnownFileType = sourcecode.cpp.objcpp; path = POPAnimationRuntime.mm; sourceTree = "<group>"; };
		C563F243221EEFC800E17118 /* POPAnimationEvent.mm */ = {isa = PBXFileReference; fileEncoding = 4; lastKnownFileType = sourcecode.cpp.objcpp; path = POPAnimationEvent.mm; sourceTree = "<group>"; };
		C563F244221EEFC800E17118 /* POPLayerExtras.mm */ = {isa = PBXFileReference; fileEncoding = 4; lastKnownFileType = sourcecode.cpp.objcpp; path = POPLayerExtras.mm; sourceTree = "<group>"; };
		C563F245221EEFC800E17118 /* POPVector.mm */ = {isa = PBXFileReference; fileEncoding = 4; lastKnownFileType = sourcecode.cpp.objcpp; path = POPVector.mm; sourceTree = "<group>"; };
		C563F246221EEFC800E17118 /* POPVector.h */ = {isa = PBXFileReference; fileEncoding = 4; lastKnownFileType = sourcecode.c.h; path = POPVector.h; sourceTree = "<group>"; };
		C563F247221EEFC800E17118 /* POPAnimatorPrivate.h */ = {isa = PBXFileReference; fileEncoding = 4; lastKnownFileType = sourcecode.c.h; path = POPAnimatorPrivate.h; sourceTree = "<group>"; };
		C563F248221EEFC800E17118 /* POPAnimationTracer.h */ = {isa = PBXFileReference; fileEncoding = 4; lastKnownFileType = sourcecode.c.h; path = POPAnimationTracer.h; sourceTree = "<group>"; };
		C563F24B221EEFC800E17118 /* XLClock.m */ = {isa = PBXFileReference; fileEncoding = 4; lastKnownFileType = sourcecode.c.objc; path = XLClock.m; sourceTree = "<group>"; };
		C563F24C221EEFC800E17118 /* XLClockHand.h */ = {isa = PBXFileReference; fileEncoding = 4; lastKnownFileType = sourcecode.c.h; path = XLClockHand.h; sourceTree = "<group>"; };
		C563F24D221EEFC800E17118 /* XLClock.h */ = {isa = PBXFileReference; fileEncoding = 4; lastKnownFileType = sourcecode.c.h; path = XLClock.h; sourceTree = "<group>"; };
		C563F24E221EEFC800E17118 /* XLClockHand.m */ = {isa = PBXFileReference; fileEncoding = 4; lastKnownFileType = sourcecode.c.objc; path = XLClockHand.m; sourceTree = "<group>"; };
		C563F250221EEFC800E17118 /* xl_clock_hourHand.png */ = {isa = PBXFileReference; lastKnownFileType = image.png; path = xl_clock_hourHand.png; sourceTree = "<group>"; };
		C563F251221EEFC800E17118 /* xl_clock_secondHand_shadow.png */ = {isa = PBXFileReference; lastKnownFileType = image.png; path = xl_clock_secondHand_shadow.png; sourceTree = "<group>"; };
		C563F252221EEFC800E17118 /* xl_clock_minuteHand_shadow.png */ = {isa = PBXFileReference; lastKnownFileType = image.png; path = xl_clock_minuteHand_shadow.png; sourceTree = "<group>"; };
		C563F253221EEFC800E17118 /* xl_clock_back.png */ = {isa = PBXFileReference; lastKnownFileType = image.png; path = xl_clock_back.png; sourceTree = "<group>"; };
		C563F254221EEFC800E17118 /* xl_clock_secondHand.png */ = {isa = PBXFileReference; lastKnownFileType = image.png; path = xl_clock_secondHand.png; sourceTree = "<group>"; };
		C563F255221EEFC800E17118 /* xl_clock_hourHand_shadow.png */ = {isa = PBXFileReference; lastKnownFileType = image.png; path = xl_clock_hourHand_shadow.png; sourceTree = "<group>"; };
		C563F256221EEFC800E17118 /* xl_clock_mid.png */ = {isa = PBXFileReference; lastKnownFileType = image.png; path = xl_clock_mid.png; sourceTree = "<group>"; };
		C563F257221EEFC800E17118 /* xl_clock_minuteHand.png */ = {isa = PBXFileReference; lastKnownFileType = image.png; path = xl_clock_minuteHand.png; sourceTree = "<group>"; };
		C563F27F221EF75800E17118 /* xl_clock_hour_6.png */ = {isa = PBXFileReference; lastKnownFileType = image.png; path = xl_clock_hour_6.png; sourceTree = "<group>"; };
		C563F280221EF75800E17118 /* xl_clock_hour_9.png */ = {isa = PBXFileReference; lastKnownFileType = image.png; path = xl_clock_hour_9.png; sourceTree = "<group>"; };
		C563F281221EF75800E17118 /* xl_clock_hour_12.png */ = {isa = PBXFileReference; lastKnownFileType = image.png; path = xl_clock_hour_12.png; sourceTree = "<group>"; };
		C563F282221EF75900E17118 /* xl_clock_hour_3.png */ = {isa = PBXFileReference; lastKnownFileType = image.png; path = xl_clock_hour_3.png; sourceTree = "<group>"; };
		DDC7019C7DBAA90C1FBED7A1 /* Pods-TimeShorthand.release.xcconfig */ = {isa = PBXFileReference; includeInIndex = 1; lastKnownFileType = text.xcconfig; name = "Pods-TimeShorthand.release.xcconfig"; path = "Pods/Target Support Files/Pods-TimeShorthand/Pods-TimeShorthand.release.xcconfig"; sourceTree = "<group>"; };
		E9BB8888A0B538727A35A69E /* libPods-TimeShorthand.a */ = {isa = PBXFileReference; explicitFileType = archive.ar; includeInIndex = 0; path = "libPods-TimeShorthand.a"; sourceTree = BUILT_PRODUCTS_DIR; };
		F1B83A6D358BD21602EF6014 /* Pods-TimeShorthand.debug.xcconfig */ = {isa = PBXFileReference; includeInIndex = 1; lastKnownFileType = text.xcconfig; name = "Pods-TimeShorthand.debug.xcconfig"; path = "Pods/Target Support Files/Pods-TimeShorthand/Pods-TimeShorthand.debug.xcconfig"; sourceTree = "<group>"; };
/* End PBXFileReference section */

/* Begin PBXFrameworksBuildPhase section */
		C5243C0521D4E96C00E4A6EB /* Frameworks */ = {
			isa = PBXFrameworksBuildPhase;
			buildActionMask = 2147483647;
			files = (
				34563076D56CF94811C642E3 /* libPods-TimeShorthand.a in Frameworks */,
			);
			runOnlyForDeploymentPostprocessing = 0;
		};
		C5243C1D21D4E96D00E4A6EB /* Frameworks */ = {
			isa = PBXFrameworksBuildPhase;
			buildActionMask = 2147483647;
			files = (
			);
			runOnlyForDeploymentPostprocessing = 0;
		};
		C5243C2821D4E96D00E4A6EB /* Frameworks */ = {
			isa = PBXFrameworksBuildPhase;
			buildActionMask = 2147483647;
			files = (
			);
			runOnlyForDeploymentPostprocessing = 0;
		};
/* End PBXFrameworksBuildPhase section */

/* Begin PBXGroup section */
		9F4F20500C65BF0FDA60F7FF /* Frameworks */ = {
			isa = PBXGroup;
			children = (
				E9BB8888A0B538727A35A69E /* libPods-TimeShorthand.a */,
			);
			name = Frameworks;
			sourceTree = "<group>";
		};
		C51CA09F21D717C60077524E /* Module */ = {
			isa = PBXGroup;
			children = (
				C51CA0A321D7180B0077524E /* Home */,
				C51CA0A221D718050077524E /* Main */,
				C51CA0A121D717FD0077524E /* Base */,
			);
			path = Module;
			sourceTree = "<group>";
		};
		C51CA0A021D717F50077524E /* Config */ = {
			isa = PBXGroup;
			children = (
				C51CA0B021D74E9F0077524E /* TSConst.h */,
				C51CA0B121D74E9F0077524E /* TSConst.m */,
				C51CA0B421D74F850077524E /* Macro.h */,
			);
			path = Config;
			sourceTree = "<group>";
		};
		C51CA0A121D717FD0077524E /* Base */ = {
			isa = PBXGroup;
			children = (
				C51CA0BA21D751100077524E /* View */,
				C51CA0A421D718210077524E /* TSViewController.h */,
				C51CA0A521D718210077524E /* TSViewController.m */,
				C51CA0B521D7506E0077524E /* TSTableViewController.h */,
				C51CA0B621D7506E0077524E /* TSTableViewController.m */,
				C51CA0B821D7507B0077524E /* TSTableViewController.xib */,
			);
			path = Base;
			sourceTree = "<group>";
		};
		C51CA0A221D718050077524E /* Main */ = {
			isa = PBXGroup;
			children = (
				C51CA0AD21D719010077524E /* TSNavigationController.h */,
				C51CA0AE21D719010077524E /* TSNavigationController.m */,
			);
			path = Main;
			sourceTree = "<group>";
		};
		C51CA0A321D7180B0077524E /* Home */ = {
			isa = PBXGroup;
			children = (
				C51CA0A721D718560077524E /* TSHomeViewController.h */,
				C51CA0A821D718560077524E /* TSHomeViewController.m */,
				C51CA0AA21D718830077524E /* TSLeftViewController.h */,
				C51CA0AB21D718830077524E /* TSLeftViewController.m */,
			);
			path = Home;
			sourceTree = "<group>";
		};
		C51CA0BA21D751100077524E /* View */ = {
			isa = PBXGroup;
			children = (
				C51CA0BB21D751250077524E /* TSTableViewCell.h */,
				C51CA0BC21D751250077524E /* TSTableViewCell.m */,
			);
			path = View;
			sourceTree = "<group>";
		};
		C51CA0BE21D755310077524E /* Category */ = {
			isa = PBXGroup;
			children = (
				C51CA0C621D755310077524E /* Chain */,
				C51CA0D221D755320077524E /* NSDate+PFAdd.h */,
				C51CA0CB21D755310077524E /* NSDate+PFAdd.m */,
				C51CA0D121D755310077524E /* NSDate+PFExtension.h */,
				C51CA0C421D755310077524E /* NSDate+PFExtension.m */,
				C51CA0C521D755310077524E /* NSString+PFExtension.h */,
				C51CA0D321D755320077524E /* NSString+PFExtension.m */,
				C51CA0C021D755310077524E /* UIButton+ImageTitleSpacing.h */,
				C51CA0CC21D755310077524E /* UIButton+ImageTitleSpacing.m */,
				C51CA0CE21D755310077524E /* UIColor+Hex.h */,
				C51CA0C321D755310077524E /* UIColor+Hex.m */,
				C51CA0C121D755310077524E /* UIFont+PFExtension.h */,
				C51CA0D021D755310077524E /* UIFont+PFExtension.m */,
				C51CA0C221D755310077524E /* UIView+PFExtension.h */,
				C51CA0CF21D755310077524E /* UIView+PFExtension.m */,
			);
			path = Category;
			sourceTree = "<group>";
		};
		C51CA0C621D755310077524E /* Chain */ = {
			isa = PBXGroup;
			children = (
				C51CA0C721D755310077524E /* NSMutableDictionary+Attributes.m */,
				C51CA0C821D755310077524E /* NSMutableAttributedString+Chain.m */,
				C51CA0C921D755310077524E /* NSMutableDictionary+Attributes.h */,
				C51CA0CA21D755310077524E /* NSMutableAttributedString+Chain.h */,
			);
			path = Chain;
			sourceTree = "<group>";
		};
		C5243BFF21D4E96B00E4A6EB = {
			isa = PBXGroup;
			children = (
				C5243C0A21D4E96C00E4A6EB /* TimeShorthand */,
				C5243C2321D4E96D00E4A6EB /* TimeShorthandTests */,
				C5243C2E21D4E96D00E4A6EB /* TimeShorthandUITests */,
				C5243C0921D4E96C00E4A6EB /* Products */,
				E6AA44325514A3BBBA4B1C9C /* Pods */,
				9F4F20500C65BF0FDA60F7FF /* Frameworks */,
			);
			sourceTree = "<group>";
		};
		C5243C0921D4E96C00E4A6EB /* Products */ = {
			isa = PBXGroup;
			children = (
				C5243C0821D4E96C00E4A6EB /* TimeShorthand.app */,
				C5243C2021D4E96D00E4A6EB /* TimeShorthandTests.xctest */,
				C5243C2B21D4E96D00E4A6EB /* TimeShorthandUITests.xctest */,
			);
			name = Products;
			sourceTree = "<group>";
		};
		C5243C0A21D4E96C00E4A6EB /* TimeShorthand */ = {
			isa = PBXGroup;
			children = (
				C563F20E221EEFA800E17118 /* Lib */,
				C51CA0BE21D755310077524E /* Category */,
				C51CA0A021D717F50077524E /* Config */,
				C51CA09F21D717C60077524E /* Module */,
				C5243C0B21D4E96C00E4A6EB /* AppDelegate.h */,
				C5243C0C21D4E96C00E4A6EB /* AppDelegate.m */,
				C5243C1421D4E96D00E4A6EB /* Assets.xcassets */,
				C5243C1921D4E96D00E4A6EB /* Info.plist */,
				C5243C1A21D4E96D00E4A6EB /* main.m */,
				C51CA0B321D74EDB0077524E /* TimeShorthand.pch */,
			);
			path = TimeShorthand;
			sourceTree = "<group>";
		};
		C5243C2321D4E96D00E4A6EB /* TimeShorthandTests */ = {
			isa = PBXGroup;
			children = (
				C5243C2421D4E96D00E4A6EB /* TimeShorthandTests.m */,
				C5243C2621D4E96D00E4A6EB /* Info.plist */,
			);
			path = TimeShorthandTests;
			sourceTree = "<group>";
		};
		C5243C2E21D4E96D00E4A6EB /* TimeShorthandUITests */ = {
			isa = PBXGroup;
			children = (
				C5243C2F21D4E96D00E4A6EB /* TimeShorthandUITests.m */,
				C5243C3121D4E96D00E4A6EB /* Info.plist */,
			);
			path = TimeShorthandUITests;
			sourceTree = "<group>";
		};
		C563F20E221EEFA800E17118 /* Lib */ = {
			isa = PBXGroup;
			children = (
				C563F20F221EEFC700E17118 /* pop */,
				C563F249221EEFC800E17118 /* XLClock */,
			);
			path = Lib;
			sourceTree = "<group>";
		};
		C563F20F221EEFC700E17118 /* pop */ = {
			isa = PBXGroup;
			children = (
				C563F210221EEFC800E17118 /* POPMath.h */,
				C563F211221EEFC800E17118 /* POPDefines.h */,
				C563F212221EEFC800E17118 /* POPAnimationInternal.h */,
				C563F213221EEFC800E17118 /* POPAnimationExtras.h */,
				C563F214221EEFC800E17118 /* POPAnimationEvent.h */,
				C563F215221EEFC800E17118 /* POPBasicAnimationInternal.h */,
				C563F216221EEFC800E17118 /* POPCGUtils.mm */,
				C563F217221EEFC800E17118 /* POPPropertyAnimationInternal.h */,
				C563F218221EEFC800E17118 /* pop-ios-Info.plist */,
				C563F219221EEFC800E17118 /* POPDecayAnimationInternal.h */,
				C563F21A221EEFC800E17118 /* POPSpringAnimation.h */,
				C563F21B221EEFC800E17118 /* POPBasicAnimation.h */,
				C563F21C221EEFC800E17118 /* POPMath.mm */,
				C563F21D221EEFC800E17118 /* POPAnimationPrivate.h */,
				C563F21E221EEFC800E17118 /* POPAction.h */,
				C563F21F221EEFC800E17118 /* POPSpringAnimation.mm */,
				C563F220221EEFC800E17118 /* POPCustomAnimation.mm */,
				C563F221221EEFC800E17118 /* POPCustomAnimation.h */,
				C563F222221EEFC800E17118 /* POPPropertyAnimation.h */,
				C563F223221EEFC800E17118 /* POPAnimationTracer.mm */,
				C563F224221EEFC800E17118 /* POPCGUtils.h */,
				C563F225221EEFC800E17118 /* POPAnimationExtras.mm */,
				C563F226221EEFC800E17118 /* pop-tvos-Info.plist */,
				C563F227221EEFC800E17118 /* POPGeometry.h */,
				C563F228221EEFC800E17118 /* POPDecayAnimation.mm */,
				C563F229221EEFC800E17118 /* POPSpringAnimationInternal.h */,
				C563F22A221EEFC800E17118 /* pop-osx-Info.plist */,
				C563F22B221EEFC800E17118 /* POPDecayAnimation.h */,
				C563F22C221EEFC800E17118 /* POPSpringSolver.h */,
				C563F22D221EEFC800E17118 /* POPAnimatableProperty.h */,
				C563F22E221EEFC800E17118 /* POPAnimator.h */,
				C563F22F221EEFC800E17118 /* POPAnimationRuntime.h */,
				C563F230221EEFC800E17118 /* POP.h */,
				C563F231221EEFC800E17118 /* POPPropertyAnimation.mm */,
				C563F232221EEFC800E17118 /* POPLayerExtras.h */,
				C563F233221EEFC800E17118 /* POPAnimation.mm */,
				C563F234221EEFC800E17118 /* POPGeometry.mm */,
				C563F235221EEFC800E17118 /* POPBasicAnimation.mm */,
				C563F236221EEFC800E17118 /* POPAnimatablePropertyTypes.h */,
				C563F237221EEFC800E17118 /* WebCore */,
				C563F23C221EEFC800E17118 /* POPAnimationTracerInternal.h */,
				C563F23D221EEFC800E17118 /* POPAnimationEventInternal.h */,
				C563F23E221EEFC800E17118 /* POPAnimator.mm */,
				C563F23F221EEFC800E17118 /* POPAnimatableProperty.mm */,
				C563F240221EEFC800E17118 /* POPAnimation.h */,
				C563F241221EEFC800E17118 /* module.modulemap */,
				C563F242221EEFC800E17118 /* POPAnimationRuntime.mm */,
				C563F243221EEFC800E17118 /* POPAnimationEvent.mm */,
				C563F244221EEFC800E17118 /* POPLayerExtras.mm */,
				C563F245221EEFC800E17118 /* POPVector.mm */,
				C563F246221EEFC800E17118 /* POPVector.h */,
				C563F247221EEFC800E17118 /* POPAnimatorPrivate.h */,
				C563F248221EEFC800E17118 /* POPAnimationTracer.h */,
			);
			path = pop;
			sourceTree = "<group>";
		};
		C563F237221EEFC800E17118 /* WebCore */ = {
			isa = PBXGroup;
			children = (
				C563F238221EEFC800E17118 /* TransformationMatrix.cpp */,
				C563F239221EEFC800E17118 /* TransformationMatrix.h */,
				C563F23A221EEFC800E17118 /* FloatConversion.h */,
				C563F23B221EEFC800E17118 /* UnitBezier.h */,
			);
			path = WebCore;
			sourceTree = "<group>";
		};
		C563F249221EEFC800E17118 /* XLClock */ = {
			isa = PBXGroup;
			children = (
				C563F24A221EEFC800E17118 /* Class */,
				C563F24F221EEFC800E17118 /* Resource */,
			);
			path = XLClock;
			sourceTree = "<group>";
		};
		C563F24A221EEFC800E17118 /* Class */ = {
			isa = PBXGroup;
			children = (
				C563F24B221EEFC800E17118 /* XLClock.m */,
				C563F24C221EEFC800E17118 /* XLClockHand.h */,
				C563F24D221EEFC800E17118 /* XLClock.h */,
				C563F24E221EEFC800E17118 /* XLClockHand.m */,
			);
			path = Class;
			sourceTree = "<group>";
		};
		C563F24F221EEFC800E17118 /* Resource */ = {
			isa = PBXGroup;
			children = (
				C563F282221EF75900E17118 /* xl_clock_hour_3.png */,
				C563F27F221EF75800E17118 /* xl_clock_hour_6.png */,
				C563F280221EF75800E17118 /* xl_clock_hour_9.png */,
				C563F281221EF75800E17118 /* xl_clock_hour_12.png */,
				C563F250221EEFC800E17118 /* xl_clock_hourHand.png */,
				C563F251221EEFC800E17118 /* xl_clock_secondHand_shadow.png */,
				C563F252221EEFC800E17118 /* xl_clock_minuteHand_shadow.png */,
				C563F253221EEFC800E17118 /* xl_clock_back.png */,
				C563F254221EEFC800E17118 /* xl_clock_secondHand.png */,
				C563F255221EEFC800E17118 /* xl_clock_hourHand_shadow.png */,
				C563F256221EEFC800E17118 /* xl_clock_mid.png */,
				C563F257221EEFC800E17118 /* xl_clock_minuteHand.png */,
			);
			path = Resource;
			sourceTree = "<group>";
		};
		E6AA44325514A3BBBA4B1C9C /* Pods */ = {
			isa = PBXGroup;
			children = (
				F1B83A6D358BD21602EF6014 /* Pods-TimeShorthand.debug.xcconfig */,
				DDC7019C7DBAA90C1FBED7A1 /* Pods-TimeShorthand.release.xcconfig */,
			);
			name = Pods;
			sourceTree = "<group>";
		};
/* End PBXGroup section */

/* Begin PBXNativeTarget section */
		C5243C0721D4E96C00E4A6EB /* TimeShorthand */ = {
			isa = PBXNativeTarget;
			buildConfigurationList = C5243C3421D4E96D00E4A6EB /* Build configuration list for PBXNativeTarget "TimeShorthand" */;
			buildPhases = (
				0BEAE3355966190C7AFEA3A8 /* [CP] Check Pods Manifest.lock */,
				C5243C0421D4E96C00E4A6EB /* Sources */,
				C5243C0521D4E96C00E4A6EB /* Frameworks */,
				C5243C0621D4E96C00E4A6EB /* Resources */,
				029D908498D092DCDE7D5233 /* [CP] Copy Pods Resources */,
			);
			buildRules = (
			);
			dependencies = (
			);
			name = TimeShorthand;
			productName = TimeShorthand;
			productReference = C5243C0821D4E96C00E4A6EB /* TimeShorthand.app */;
			productType = "com.apple.product-type.application";
		};
		C5243C1F21D4E96D00E4A6EB /* TimeShorthandTests */ = {
			isa = PBXNativeTarget;
			buildConfigurationList = C5243C3721D4E96D00E4A6EB /* Build configuration list for PBXNativeTarget "TimeShorthandTests" */;
			buildPhases = (
				C5243C1C21D4E96D00E4A6EB /* Sources */,
				C5243C1D21D4E96D00E4A6EB /* Frameworks */,
				C5243C1E21D4E96D00E4A6EB /* Resources */,
			);
			buildRules = (
			);
			dependencies = (
				C5243C2221D4E96D00E4A6EB /* PBXTargetDependency */,
			);
			name = TimeShorthandTests;
			productName = TimeShorthandTests;
			productReference = C5243C2021D4E96D00E4A6EB /* TimeShorthandTests.xctest */;
			productType = "com.apple.product-type.bundle.unit-test";
		};
		C5243C2A21D4E96D00E4A6EB /* TimeShorthandUITests */ = {
			isa = PBXNativeTarget;
			buildConfigurationList = C5243C3A21D4E96D00E4A6EB /* Build configuration list for PBXNativeTarget "TimeShorthandUITests" */;
			buildPhases = (
				C5243C2721D4E96D00E4A6EB /* Sources */,
				C5243C2821D4E96D00E4A6EB /* Frameworks */,
				C5243C2921D4E96D00E4A6EB /* Resources */,
			);
			buildRules = (
			);
			dependencies = (
				C5243C2D21D4E96D00E4A6EB /* PBXTargetDependency */,
			);
			name = TimeShorthandUITests;
			productName = TimeShorthandUITests;
			productReference = C5243C2B21D4E96D00E4A6EB /* TimeShorthandUITests.xctest */;
			productType = "com.apple.product-type.bundle.ui-testing";
		};
/* End PBXNativeTarget section */

/* Begin PBXProject section */
		C5243C0021D4E96B00E4A6EB /* Project object */ = {
			isa = PBXProject;
			attributes = {
				CLASSPREFIX = TS;
				LastUpgradeCheck = 1010;
				ORGANIZATIONNAME = liuhao;
				TargetAttributes = {
					C5243C0721D4E96C00E4A6EB = {
						CreatedOnToolsVersion = 10.1;
					};
					C5243C1F21D4E96D00E4A6EB = {
						CreatedOnToolsVersion = 10.1;
						TestTargetID = C5243C0721D4E96C00E4A6EB;
					};
					C5243C2A21D4E96D00E4A6EB = {
						CreatedOnToolsVersion = 10.1;
						TestTargetID = C5243C0721D4E96C00E4A6EB;
					};
				};
			};
			buildConfigurationList = C5243C0321D4E96B00E4A6EB /* Build configuration list for PBXProject "TimeShorthand" */;
			compatibilityVersion = "Xcode 9.3";
			developmentRegion = en;
			hasScannedForEncodings = 0;
			knownRegions = (
				en,
				Base,
			);
			mainGroup = C5243BFF21D4E96B00E4A6EB;
			productRefGroup = C5243C0921D4E96C00E4A6EB /* Products */;
			projectDirPath = "";
			projectRoot = "";
			targets = (
				C5243C0721D4E96C00E4A6EB /* TimeShorthand */,
				C5243C1F21D4E96D00E4A6EB /* TimeShorthandTests */,
				C5243C2A21D4E96D00E4A6EB /* TimeShorthandUITests */,
			);
		};
/* End PBXProject section */

/* Begin PBXResourcesBuildPhase section */
		C5243C0621D4E96C00E4A6EB /* Resources */ = {
			isa = PBXResourcesBuildPhase;
			buildActionMask = 2147483647;
			files = (
				C51CA0B921D7507B0077524E /* TSTableViewController.xib in Resources */,
				C563F273221EEFC800E17118 /* xl_clock_minuteHand_shadow.png in Resources */,
				C563F271221EEFC800E17118 /* xl_clock_hourHand.png in Resources */,
				C563F278221EEFC800E17118 /* xl_clock_minuteHand.png in Resources */,
				C563F276221EEFC800E17118 /* xl_clock_hourHand_shadow.png in Resources */,
				C563F285221EF75900E17118 /* xl_clock_hour_12.png in Resources */,
				C5243C1521D4E96D00E4A6EB /* Assets.xcassets in Resources */,
				C563F286221EF75900E17118 /* xl_clock_hour_3.png in Resources */,
				C563F274221EEFC800E17118 /* xl_clock_back.png in Resources */,
				C563F275221EEFC800E17118 /* xl_clock_secondHand.png in Resources */,
				C563F261221EEFC800E17118 /* pop-tvos-Info.plist in Resources */,
				C563F272221EEFC800E17118 /* xl_clock_secondHand_shadow.png in Resources */,
				C563F284221EF75900E17118 /* xl_clock_hour_9.png in Resources */,
				C563F25B221EEFC800E17118 /* pop-ios-Info.plist in Resources */,
				C563F263221EEFC800E17118 /* pop-osx-Info.plist in Resources */,
				C563F277221EEFC800E17118 /* xl_clock_mid.png in Resources */,
				C563F283221EF75900E17118 /* xl_clock_hour_6.png in Resources */,
			);
			runOnlyForDeploymentPostprocessing = 0;
		};
		C5243C1E21D4E96D00E4A6EB /* Resources */ = {
			isa = PBXResourcesBuildPhase;
			buildActionMask = 2147483647;
			files = (
			);
			runOnlyForDeploymentPostprocessing = 0;
		};
		C5243C2921D4E96D00E4A6EB /* Resources */ = {
			isa = PBXResourcesBuildPhase;
			buildActionMask = 2147483647;
			files = (
			);
			runOnlyForDeploymentPostprocessing = 0;
		};
/* End PBXResourcesBuildPhase section */

/* Begin PBXShellScriptBuildPhase section */
		029D908498D092DCDE7D5233 /* [CP] Copy Pods Resources */ = {
			isa = PBXShellScriptBuildPhase;
			buildActionMask = 2147483647;
			files = (
			);
			inputPaths = (
				"${SRCROOT}/Pods/Target Support Files/Pods-TimeShorthand/Pods-TimeShorthand-resources.sh",
				"${PODS_ROOT}/AVOSCloud/AVOS/AVOSCloud/AVOSCloud_Art.inc",
				"${PODS_ROOT}/SVProgressHUD/SVProgressHUD/SVProgressHUD.bundle",
			);
			name = "[CP] Copy Pods Resources";
			outputPaths = (
				"${TARGET_BUILD_DIR}/${UNLOCALIZED_RESOURCES_FOLDER_PATH}/AVOSCloud_Art.inc",
				"${TARGET_BUILD_DIR}/${UNLOCALIZED_RESOURCES_FOLDER_PATH}/SVProgressHUD.bundle",
			);
			runOnlyForDeploymentPostprocessing = 0;
			shellPath = /bin/sh;
			shellScript = "\"${SRCROOT}/Pods/Target Support Files/Pods-TimeShorthand/Pods-TimeShorthand-resources.sh\"\n";
			showEnvVarsInLog = 0;
		};
		0BEAE3355966190C7AFEA3A8 /* [CP] Check Pods Manifest.lock */ = {
			isa = PBXShellScriptBuildPhase;
			buildActionMask = 2147483647;
			files = (
			);
			inputPaths = (
				"${PODS_PODFILE_DIR_PATH}/Podfile.lock",
				"${PODS_ROOT}/Manifest.lock",
			);
			name = "[CP] Check Pods Manifest.lock";
			outputPaths = (
				"$(DERIVED_FILE_DIR)/Pods-TimeShorthand-checkManifestLockResult.txt",
			);
			runOnlyForDeploymentPostprocessing = 0;
			shellPath = /bin/sh;
			shellScript = "diff \"${PODS_PODFILE_DIR_PATH}/Podfile.lock\" \"${PODS_ROOT}/Manifest.lock\" > /dev/null\nif [ $? != 0 ] ; then\n    # print error to STDERR\n    echo \"error: The sandbox is not in sync with the Podfile.lock. Run 'pod install' or update your CocoaPods installation.\" >&2\n    exit 1\nfi\n# This output is used by Xcode 'outputs' to avoid re-running this script phase.\necho \"SUCCESS\" > \"${SCRIPT_OUTPUT_FILE_0}\"\n";
			showEnvVarsInLog = 0;
		};
/* End PBXShellScriptBuildPhase section */

/* Begin PBXSourcesBuildPhase section */
		C5243C0421D4E96C00E4A6EB /* Sources */ = {
			isa = PBXSourcesBuildPhase;
			buildActionMask = 2147483647;
			files = (
				C563F267221EEFC800E17118 /* POPBasicAnimation.mm in Sources */,
				C563F270221EEFC800E17118 /* XLClockHand.m in Sources */,
				C51CA0B721D7506E0077524E /* TSTableViewController.m in Sources */,
				C563F26D221EEFC800E17118 /* POPLayerExtras.mm in Sources */,
				C563F26A221EEFC800E17118 /* POPAnimatableProperty.mm in Sources */,
				C51CA0DB21D755320077524E /* UIView+PFExtension.m in Sources */,
				C51CA0D421D755320077524E /* UIColor+Hex.m in Sources */,
				C563F260221EEFC800E17118 /* POPAnimationExtras.mm in Sources */,
				C563F26F221EEFC800E17118 /* XLClock.m in Sources */,
				C51CA0A921D718560077524E /* TSHomeViewController.m in Sources */,
				C51CA0B221D74E9F0077524E /* TSConst.m in Sources */,
				C51CA0D721D755320077524E /* NSMutableAttributedString+Chain.m in Sources */,
				C51CA0DD21D755320077524E /* NSString+PFExtension.m in Sources */,
				C51CA0D521D755320077524E /* NSDate+PFExtension.m in Sources */,
				C563F25D221EEFC800E17118 /* POPSpringAnimation.mm in Sources */,
				C563F26B221EEFC800E17118 /* POPAnimationRuntime.mm in Sources */,
				C51CA0D821D755320077524E /* NSDate+PFAdd.m in Sources */,
				C51CA0DC21D755320077524E /* UIFont+PFExtension.m in Sources */,
				C5243C1B21D4E96D00E4A6EB /* main.m in Sources */,
				C51CA0D921D755320077524E /* UIButton+ImageTitleSpacing.m in Sources */,
				C563F25A221EEFC800E17118 /* POPCGUtils.mm in Sources */,
				C563F265221EEFC800E17118 /* POPAnimation.mm in Sources */,
				C563F264221EEFC800E17118 /* POPPropertyAnimation.mm in Sources */,
				C563F266221EEFC800E17118 /* POPGeometry.mm in Sources */,
				C563F268221EEFC800E17118 /* TransformationMatrix.cpp in Sources */,
				C563F262221EEFC800E17118 /* POPDecayAnimation.mm in Sources */,
				C5243C0D21D4E96C00E4A6EB /* AppDelegate.m in Sources */,
				C51CA0BD21D751250077524E /* TSTableViewCell.m in Sources */,
				C563F26E221EEFC800E17118 /* POPVector.mm in Sources */,
				C563F25C221EEFC800E17118 /* POPMath.mm in Sources */,
				C51CA0D621D755320077524E /* NSMutableDictionary+Attributes.m in Sources */,
				C51CA0A621D718210077524E /* TSViewController.m in Sources */,
				C563F25E221EEFC800E17118 /* POPCustomAnimation.mm in Sources */,
				C563F26C221EEFC800E17118 /* POPAnimationEvent.mm in Sources */,
				C563F25F221EEFC800E17118 /* POPAnimationTracer.mm in Sources */,
				C563F269221EEFC800E17118 /* POPAnimator.mm in Sources */,
				C51CA0AF21D719010077524E /* TSNavigationController.m in Sources */,
				C51CA0AC21D718830077524E /* TSLeftViewController.m in Sources */,
			);
			runOnlyForDeploymentPostprocessing = 0;
		};
		C5243C1C21D4E96D00E4A6EB /* Sources */ = {
			isa = PBXSourcesBuildPhase;
			buildActionMask = 2147483647;
			files = (
				C5243C2521D4E96D00E4A6EB /* TimeShorthandTests.m in Sources */,
			);
			runOnlyForDeploymentPostprocessing = 0;
		};
		C5243C2721D4E96D00E4A6EB /* Sources */ = {
			isa = PBXSourcesBuildPhase;
			buildActionMask = 2147483647;
			files = (
				C5243C3021D4E96D00E4A6EB /* TimeShorthandUITests.m in Sources */,
			);
			runOnlyForDeploymentPostprocessing = 0;
		};
/* End PBXSourcesBuildPhase section */

/* Begin PBXTargetDependency section */
		C5243C2221D4E96D00E4A6EB /* PBXTargetDependency */ = {
			isa = PBXTargetDependency;
			target = C5243C0721D4E96C00E4A6EB /* TimeShorthand */;
			targetProxy = C5243C2121D4E96D00E4A6EB /* PBXContainerItemProxy */;
		};
		C5243C2D21D4E96D00E4A6EB /* PBXTargetDependency */ = {
			isa = PBXTargetDependency;
			target = C5243C0721D4E96C00E4A6EB /* TimeShorthand */;
			targetProxy = C5243C2C21D4E96D00E4A6EB /* PBXContainerItemProxy */;
		};
/* End PBXTargetDependency section */

/* Begin XCBuildConfiguration section */
		C5243C3221D4E96D00E4A6EB /* Debug */ = {
			isa = XCBuildConfiguration;
			buildSettings = {
				ALWAYS_SEARCH_USER_PATHS = NO;
				CLANG_ANALYZER_NONNULL = YES;
				CLANG_ANALYZER_NUMBER_OBJECT_CONVERSION = YES_AGGRESSIVE;
				CLANG_CXX_LANGUAGE_STANDARD = "gnu++14";
				CLANG_CXX_LIBRARY = "libc++";
				CLANG_ENABLE_MODULES = YES;
				CLANG_ENABLE_OBJC_ARC = YES;
				CLANG_ENABLE_OBJC_WEAK = YES;
				CLANG_WARN_BLOCK_CAPTURE_AUTORELEASING = YES;
				CLANG_WARN_BOOL_CONVERSION = YES;
				CLANG_WARN_COMMA = YES;
				CLANG_WARN_CONSTANT_CONVERSION = YES;
				CLANG_WARN_DEPRECATED_OBJC_IMPLEMENTATIONS = YES;
				CLANG_WARN_DIRECT_OBJC_ISA_USAGE = YES_ERROR;
				CLANG_WARN_DOCUMENTATION_COMMENTS = YES;
				CLANG_WARN_EMPTY_BODY = YES;
				CLANG_WARN_ENUM_CONVERSION = YES;
				CLANG_WARN_INFINITE_RECURSION = YES;
				CLANG_WARN_INT_CONVERSION = YES;
				CLANG_WARN_NON_LITERAL_NULL_CONVERSION = YES;
				CLANG_WARN_OBJC_IMPLICIT_RETAIN_SELF = YES;
				CLANG_WARN_OBJC_LITERAL_CONVERSION = YES;
				CLANG_WARN_OBJC_ROOT_CLASS = YES_ERROR;
				CLANG_WARN_RANGE_LOOP_ANALYSIS = YES;
				CLANG_WARN_STRICT_PROTOTYPES = YES;
				CLANG_WARN_SUSPICIOUS_MOVE = YES;
				CLANG_WARN_UNGUARDED_AVAILABILITY = YES_AGGRESSIVE;
				CLANG_WARN_UNREACHABLE_CODE = YES;
				CLANG_WARN__DUPLICATE_METHOD_MATCH = YES;
				CODE_SIGN_IDENTITY = "iPhone Developer";
				COPY_PHASE_STRIP = NO;
				DEBUG_INFORMATION_FORMAT = dwarf;
				ENABLE_STRICT_OBJC_MSGSEND = YES;
				ENABLE_TESTABILITY = YES;
				GCC_C_LANGUAGE_STANDARD = gnu11;
				GCC_DYNAMIC_NO_PIC = NO;
				GCC_NO_COMMON_BLOCKS = YES;
				GCC_OPTIMIZATION_LEVEL = 0;
				GCC_PREPROCESSOR_DEFINITIONS = (
					"DEBUG=1",
					"$(inherited)",
				);
				GCC_WARN_64_TO_32_BIT_CONVERSION = YES;
				GCC_WARN_ABOUT_RETURN_TYPE = YES_ERROR;
				GCC_WARN_UNDECLARED_SELECTOR = YES;
				GCC_WARN_UNINITIALIZED_AUTOS = YES_AGGRESSIVE;
				GCC_WARN_UNUSED_FUNCTION = YES;
				GCC_WARN_UNUSED_VARIABLE = YES;
				IPHONEOS_DEPLOYMENT_TARGET = 8.0;
				MTL_ENABLE_DEBUG_INFO = INCLUDE_SOURCE;
				MTL_FAST_MATH = YES;
				ONLY_ACTIVE_ARCH = YES;
				SDKROOT = iphoneos;
			};
			name = Debug;
		};
		C5243C3321D4E96D00E4A6EB /* Release */ = {
			isa = XCBuildConfiguration;
			buildSettings = {
				ALWAYS_SEARCH_USER_PATHS = NO;
				CLANG_ANALYZER_NONNULL = YES;
				CLANG_ANALYZER_NUMBER_OBJECT_CONVERSION = YES_AGGRESSIVE;
				CLANG_CXX_LANGUAGE_STANDARD = "gnu++14";
				CLANG_CXX_LIBRARY = "libc++";
				CLANG_ENABLE_MODULES = YES;
				CLANG_ENABLE_OBJC_ARC = YES;
				CLANG_ENABLE_OBJC_WEAK = YES;
				CLANG_WARN_BLOCK_CAPTURE_AUTORELEASING = YES;
				CLANG_WARN_BOOL_CONVERSION = YES;
				CLANG_WARN_COMMA = YES;
				CLANG_WARN_CONSTANT_CONVERSION = YES;
				CLANG_WARN_DEPRECATED_OBJC_IMPLEMENTATIONS = YES;
				CLANG_WARN_DIRECT_OBJC_ISA_USAGE = YES_ERROR;
				CLANG_WARN_DOCUMENTATION_COMMENTS = YES;
				CLANG_WARN_EMPTY_BODY = YES;
				CLANG_WARN_ENUM_CONVERSION = YES;
				CLANG_WARN_INFINITE_RECURSION = YES;
				CLANG_WARN_INT_CONVERSION = YES;
				CLANG_WARN_NON_LITERAL_NULL_CONVERSION = YES;
				CLANG_WARN_OBJC_IMPLICIT_RETAIN_SELF = YES;
				CLANG_WARN_OBJC_LITERAL_CONVERSION = YES;
				CLANG_WARN_OBJC_ROOT_CLASS = YES_ERROR;
				CLANG_WARN_RANGE_LOOP_ANALYSIS = YES;
				CLANG_WARN_STRICT_PROTOTYPES = YES;
				CLANG_WARN_SUSPICIOUS_MOVE = YES;
				CLANG_WARN_UNGUARDED_AVAILABILITY = YES_AGGRESSIVE;
				CLANG_WARN_UNREACHABLE_CODE = YES;
				CLANG_WARN__DUPLICATE_METHOD_MATCH = YES;
				CODE_SIGN_IDENTITY = "iPhone Developer";
				COPY_PHASE_STRIP = NO;
				DEBUG_INFORMATION_FORMAT = "dwarf-with-dsym";
				ENABLE_NS_ASSERTIONS = NO;
				ENABLE_STRICT_OBJC_MSGSEND = YES;
				GCC_C_LANGUAGE_STANDARD = gnu11;
				GCC_NO_COMMON_BLOCKS = YES;
				GCC_WARN_64_TO_32_BIT_CONVERSION = YES;
				GCC_WARN_ABOUT_RETURN_TYPE = YES_ERROR;
				GCC_WARN_UNDECLARED_SELECTOR = YES;
				GCC_WARN_UNINITIALIZED_AUTOS = YES_AGGRESSIVE;
				GCC_WARN_UNUSED_FUNCTION = YES;
				GCC_WARN_UNUSED_VARIABLE = YES;
				IPHONEOS_DEPLOYMENT_TARGET = 8.0;
				MTL_ENABLE_DEBUG_INFO = NO;
				MTL_FAST_MATH = YES;
				SDKROOT = iphoneos;
				VALIDATE_PRODUCT = YES;
			};
			name = Release;
		};
		C5243C3521D4E96D00E4A6EB /* Debug */ = {
			isa = XCBuildConfiguration;
			baseConfigurationReference = F1B83A6D358BD21602EF6014 /* Pods-TimeShorthand.debug.xcconfig */;
			buildSettings = {
				ASSETCATALOG_COMPILER_APPICON_NAME = AppIcon;
				ASSETCATALOG_COMPILER_LAUNCHIMAGE_NAME = LaunchImage;
				CODE_SIGN_STYLE = Automatic;
				DEVELOPMENT_TEAM = PLAHU2L75Q;
				GCC_INPUT_FILETYPE = automatic;
				GCC_PRECOMPILE_PREFIX_HEADER = YES;
				GCC_PREFIX_HEADER = "$(SRCROOT)/TimeShorthand/TimeShorthand.pch";
				INFOPLIST_FILE = TimeShorthand/Info.plist;
				LD_RUNPATH_SEARCH_PATHS = (
					"$(inherited)",
					"@executable_path/Frameworks",
				);
				PRODUCT_BUNDLE_IDENTIFIER = com.hlgc.TimeShorthand;
				PRODUCT_NAME = "$(TARGET_NAME)";
				TARGETED_DEVICE_FAMILY = 1;
			};
			name = Debug;
		};
		C5243C3621D4E96D00E4A6EB /* Release */ = {
			isa = XCBuildConfiguration;
			baseConfigurationReference = DDC7019C7DBAA90C1FBED7A1 /* Pods-TimeShorthand.release.xcconfig */;
			buildSettings = {
				ASSETCATALOG_COMPILER_APPICON_NAME = AppIcon;
				ASSETCATALOG_COMPILER_LAUNCHIMAGE_NAME = LaunchImage;
				CODE_SIGN_STYLE = Automatic;
				DEVELOPMENT_TEAM = PLAHU2L75Q;
				GCC_INPUT_FILETYPE = automatic;
				GCC_PRECOMPILE_PREFIX_HEADER = YES;
				GCC_PREFIX_HEADER = "$(SRCROOT)/TimeShorthand/TimeShorthand.pch";
				INFOPLIST_FILE = TimeShorthand/Info.plist;
				LD_RUNPATH_SEARCH_PATHS = (
					"$(inherited)",
					"@executable_path/Frameworks",
				);
				PRODUCT_BUNDLE_IDENTIFIER = com.hlgc.TimeShorthand;
				PRODUCT_NAME = "$(TARGET_NAME)";
				TARGETED_DEVICE_FAMILY = 1;
			};
			name = Release;
		};
		C5243C3821D4E96D00E4A6EB /* Debug */ = {
			isa = XCBuildConfiguration;
			buildSettings = {
				BUNDLE_LOADER = "$(TEST_HOST)";
				CODE_SIGN_STYLE = Automatic;
				DEVELOPMENT_TEAM = KH4C75986C;
				INFOPLIST_FILE = TimeShorthandTests/Info.plist;
				LD_RUNPATH_SEARCH_PATHS = (
					"$(inherited)",
					"@executable_path/Frameworks",
					"@loader_path/Frameworks",
				);
				PRODUCT_BUNDLE_IDENTIFIER = com.hlgc.TimeShorthandTests;
				PRODUCT_NAME = "$(TARGET_NAME)";
				TARGETED_DEVICE_FAMILY = "1,2";
				TEST_HOST = "$(BUILT_PRODUCTS_DIR)/TimeShorthand.app/TimeShorthand";
			};
			name = Debug;
		};
		C5243C3921D4E96D00E4A6EB /* Release */ = {
			isa = XCBuildConfiguration;
			buildSettings = {
				BUNDLE_LOADER = "$(TEST_HOST)";
				CODE_SIGN_STYLE = Automatic;
				DEVELOPMENT_TEAM = KH4C75986C;
				INFOPLIST_FILE = TimeShorthandTests/Info.plist;
				LD_RUNPATH_SEARCH_PATHS = (
					"$(inherited)",
					"@executable_path/Frameworks",
					"@loader_path/Frameworks",
				);
				PRODUCT_BUNDLE_IDENTIFIER = com.hlgc.TimeShorthandTests;
				PRODUCT_NAME = "$(TARGET_NAME)";
				TARGETED_DEVICE_FAMILY = "1,2";
				TEST_HOST = "$(BUILT_PRODUCTS_DIR)/TimeShorthand.app/TimeShorthand";
			};
			name = Release;
		};
		C5243C3B21D4E96D00E4A6EB /* Debug */ = {
			isa = XCBuildConfiguration;
			buildSettings = {
				CODE_SIGN_STYLE = Automatic;
				DEVELOPMENT_TEAM = KH4C75986C;
				INFOPLIST_FILE = TimeShorthandUITests/Info.plist;
				LD_RUNPATH_SEARCH_PATHS = (
					"$(inherited)",
					"@executable_path/Frameworks",
					"@loader_path/Frameworks",
				);
				PRODUCT_BUNDLE_IDENTIFIER = com.hlgc.TimeShorthandUITests;
				PRODUCT_NAME = "$(TARGET_NAME)";
				TARGETED_DEVICE_FAMILY = "1,2";
				TEST_TARGET_NAME = TimeShorthand;
			};
			name = Debug;
		};
		C5243C3C21D4E96D00E4A6EB /* Release */ = {
			isa = XCBuildConfiguration;
			buildSettings = {
				CODE_SIGN_STYLE = Automatic;
				DEVELOPMENT_TEAM = KH4C75986C;
				INFOPLIST_FILE = TimeShorthandUITests/Info.plist;
				LD_RUNPATH_SEARCH_PATHS = (
					"$(inherited)",
					"@executable_path/Frameworks",
					"@loader_path/Frameworks",
				);
				PRODUCT_BUNDLE_IDENTIFIER = com.hlgc.TimeShorthandUITests;
				PRODUCT_NAME = "$(TARGET_NAME)";
				TARGETED_DEVICE_FAMILY = "1,2";
				TEST_TARGET_NAME = TimeShorthand;
			};
			name = Release;
		};
/* End XCBuildConfiguration section */

/* Begin XCConfigurationList section */
		C5243C0321D4E96B00E4A6EB /* Build configuration list for PBXProject "TimeShorthand" */ = {
			isa = XCConfigurationList;
			buildConfigurations = (
				C5243C3221D4E96D00E4A6EB /* Debug */,
				C5243C3321D4E96D00E4A6EB /* Release */,
			);
			defaultConfigurationIsVisible = 0;
			defaultConfigurationName = Release;
		};
		C5243C3421D4E96D00E4A6EB /* Build configuration list for PBXNativeTarget "TimeShorthand" */ = {
			isa = XCConfigurationList;
			buildConfigurations = (
				C5243C3521D4E96D00E4A6EB /* Debug */,
				C5243C3621D4E96D00E4A6EB /* Release */,
			);
			defaultConfigurationIsVisible = 0;
			defaultConfigurationName = Release;
		};
		C5243C3721D4E96D00E4A6EB /* Build configuration list for PBXNativeTarget "TimeShorthandTests" */ = {
			isa = XCConfigurationList;
			buildConfigurations = (
				C5243C3821D4E96D00E4A6EB /* Debug */,
				C5243C3921D4E96D00E4A6EB /* Release */,
			);
			defaultConfigurationIsVisible = 0;
			defaultConfigurationName = Release;
		};
		C5243C3A21D4E96D00E4A6EB /* Build configuration list for PBXNativeTarget "TimeShorthandUITests" */ = {
			isa = XCConfigurationList;
			buildConfigurations = (
				C5243C3B21D4E96D00E4A6EB /* Debug */,
				C5243C3C21D4E96D00E4A6EB /* Release */,
			);
			defaultConfigurationIsVisible = 0;
			defaultConfigurationName = Release;
		};
/* End XCConfigurationList section */
	};
	rootObject = C5243C0021D4E96B00E4A6EB /* Project object */;
}
